// !$*UTF8*$!
{
	archiveVersion = 1;
	classes = {
	};
	objectVersion = 77;
	objects = {

/* Begin PBXBuildFile section */
		05124E5F2E9495D900D04311 /* Auth in Frameworks */ = {isa = PBXBuildFile; productRef = 05124E5E2E9495D900D04311 /* Auth */; };
		05124E612E9495D900D04311 /* Functions in Frameworks */ = {isa = PBXBuildFile; productRef = 05124E602E9495D900D04311 /* Functions */; };
		05124E632E9495D900D04311 /* PostgREST in Frameworks */ = {isa = PBXBuildFile; productRef = 05124E622E9495D900D04311 /* PostgREST */; };
		05124E652E9495D900D04311 /* Realtime in Frameworks */ = {isa = PBXBuildFile; productRef = 05124E642E9495D900D04311 /* Realtime */; };
		05124E672E9495D900D04311 /* Storage in Frameworks */ = {isa = PBXBuildFile; productRef = 05124E662E9495D900D04311 /* Storage */; };
		05124E692E9495D900D04311 /* Supabase in Frameworks */ = {isa = PBXBuildFile; productRef = 05124E682E9495D900D04311 /* Supabase */; };
		05124E6C2E9495F500D04311 /* Kingfisher in Frameworks */ = {isa = PBXBuildFile; productRef = 05124E6B2E9495F500D04311 /* Kingfisher */; };
		05124E762E949A1800D04311 /* RealmSwift in Frameworks */ = {isa = PBXBuildFile; productRef = 05124E752E949A1800D04311 /* RealmSwift */; };
		05124E772E94953400D04311 /* MacroTrackrApp.swift in Sources */ = {isa = PBXBuildFile; fileRef = 05124E532E94953400D04311 /* MacroTrackrApp.swift */; };
		05124E782E94953400D04311 /* ContentView.swift in Sources */ = {isa = PBXBuildFile; fileRef = 05124E542E94953400D04311 /* ContentView.swift */; };
		05124E792E94953400D04311 /* Assets.xcassets in Resources */ = {isa = PBXBuildFile; fileRef = 05124E552E94953400D04311 /* Assets.xcassets */; };
		05124E7A2E94953400D04311 /* Models.swift in Sources */ = {isa = PBXBuildFile; fileRef = 05124E572E94953400D04311 /* Models.swift */; };
		05124E7B2E94953400D04311 /* AuthenticationView.swift in Sources */ = {isa = PBXBuildFile; fileRef = 05124E582E94953400D04311 /* AuthenticationView.swift */; };
		05124E7C2E94953400D04311 /* AddMealView.swift in Sources */ = {isa = PBXBuildFile; fileRef = 05124E592E94953400D04311 /* AddMealView.swift */; };
		05124E7D2E94953400D04311 /* SearchView.swift in Sources */ = {isa = PBXBuildFile; fileRef = 05124E5A2E94953400D04311 /* SearchView.swift */; };
		05124E7E2E94953400D04311 /* StatsView.swift in Sources */ = {isa = PBXBuildFile; fileRef = 05124E5B2E94953400D04311 /* StatsView.swift */; };
		05124E7F2E94953400D04311 /* ProfileView.swift in Sources */ = {isa = PBXBuildFile; fileRef = 05124E5C2E94953400D04311 /* ProfileView.swift */; };
		05124E802E94953400D04311 /* DailyView.swift in Sources */ = {isa = PBXBuildFile; fileRef = 05124E5D2E94953400D04311 /* DailyView.swift */; };
		05124E812E94953400D04311 /* MealDetailView.swift in Sources */ = {isa = PBXBuildFile; fileRef = 05124E5E2E94953400D04311 /* MealDetailView.swift */; };
		059F008E2E9DAB140004C327 /* WidgetKit.framework in Frameworks */ = {isa = PBXBuildFile; fileRef = 059F008D2E9DAB140004C327 /* WidgetKit.framework */; };
		059F00902E9DAB140004C327 /* SwiftUI.framework in Frameworks */ = {isa = PBXBuildFile; fileRef = 059F008F2E9DAB140004C327 /* SwiftUI.framework */; };
		059F009F2E9DAB160004C327 /* MacroTrackrWidgetExtension.appex in Embed Foundation Extensions */ = {isa = PBXBuildFile; fileRef = 059F008B2E9DAB140004C327 /* MacroTrackrWidgetExtension.appex */; settings = {ATTRIBUTES = (RemoveHeadersOnCopy, ); }; };
		059F00AA2E9DB5A00004C327 /* Models.swift in Sources */ = {isa = PBXBuildFile; fileRef = 05124E572E94953400D04311 /* Models.swift */; };
/* End PBXBuildFile section */

/* Begin PBXContainerItemProxy section */
		059F009D2E9DAB160004C327 /* PBXContainerItemProxy */ = {
			isa = PBXContainerItemProxy;
			containerPortal = 05124E472E94953400D04311 /* Project object */;
			proxyType = 1;
			remoteGlobalIDString = 059F008A2E9DAB140004C327;
			remoteInfo = MacroTrackrWidgetExtension;
		};
/* End PBXContainerItemProxy section */

/* Begin PBXCopyFilesBuildPhase section */
		059F00A02E9DAB160004C327 /* Embed Foundation Extensions */ = {
			isa = PBXCopyFilesBuildPhase;
			buildActionMask = 2147483647;
			dstPath = "";
			dstSubfolderSpec = 13;
			files = (
				059F009F2E9DAB160004C327 /* MacroTrackrWidgetExtension.appex in Embed Foundation Extensions */,
			);
			name = "Embed Foundation Extensions";
			runOnlyForDeploymentPostprocessing = 0;
		};
/* End PBXCopyFilesBuildPhase section */

/* Begin PBXFileReference section */
		05124E4F2E94953400D04311 /* MacroTrackr.app */ = {isa = PBXFileReference; explicitFileType = wrapper.application; includeInIndex = 0; path = MacroTrackr.app; sourceTree = BUILT_PRODUCTS_DIR; };
		05124E522E94953400D04311 /* Info.plist */ = {isa = PBXFileReference; lastKnownFileType = text.plist.xml; path = Info.plist; sourceTree = "<group>"; };
		05124E532E94953400D04311 /* MacroTrackrApp.swift */ = {isa = PBXFileReference; lastKnownFileType = sourcecode.swift; path = MacroTrackrApp.swift; sourceTree = "<group>"; };
		05124E542E94953400D04311 /* ContentView.swift */ = {isa = PBXFileReference; lastKnownFileType = sourcecode.swift; path = ContentView.swift; sourceTree = "<group>"; };
		05124E552E94953400D04311 /* Assets.xcassets */ = {isa = PBXFileReference; lastKnownFileType = folder.assetcatalog; path = Assets.xcassets; sourceTree = "<group>"; };
		05124E562E94953400D04311 /* Preview Content */ = {isa = PBXFileReference; lastKnownFileType = folder; path = "Preview Content"; sourceTree = "<group>"; };
		05124E572E94953400D04311 /* Models.swift */ = {isa = PBXFileReference; lastKnownFileType = sourcecode.swift; path = Models.swift; sourceTree = "<group>"; };
		05124E582E94953400D04311 /* AuthenticationView.swift */ = {isa = PBXFileReference; lastKnownFileType = sourcecode.swift; path = AuthenticationView.swift; sourceTree = "<group>"; };
		05124E592E94953400D04311 /* AddMealView.swift */ = {isa = PBXFileReference; lastKnownFileType = sourcecode.swift; path = AddMealView.swift; sourceTree = "<group>"; };
		05124E5A2E94953400D04311 /* SearchView.swift */ = {isa = PBXFileReference; lastKnownFileType = sourcecode.swift; path = SearchView.swift; sourceTree = "<group>"; };
		05124E5B2E94953400D04311 /* StatsView.swift */ = {isa = PBXFileReference; lastKnownFileType = sourcecode.swift; path = StatsView.swift; sourceTree = "<group>"; };
		05124E5C2E94953400D04311 /* ProfileView.swift */ = {isa = PBXFileReference; lastKnownFileType = sourcecode.swift; path = ProfileView.swift; sourceTree = "<group>"; };
		05124E5D2E94953400D04311 /* DailyView.swift */ = {isa = PBXFileReference; lastKnownFileType = sourcecode.swift; path = DailyView.swift; sourceTree = "<group>"; };
		05124E5E2E94953400D04311 /* MealDetailView.swift */ = {isa = PBXFileReference; lastKnownFileType = sourcecode.swift; path = MealDetailView.swift; sourceTree = "<group>"; };
		059F008B2E9DAB140004C327 /* MacroTrackrWidgetExtension.appex */ = {isa = PBXFileReference; explicitFileType = "wrapper.app-extension"; includeInIndex = 0; path = MacroTrackrWidgetExtension.appex; sourceTree = BUILT_PRODUCTS_DIR; };
		059F008D2E9DAB140004C327 /* WidgetKit.framework */ = {isa = PBXFileReference; lastKnownFileType = wrapper.framework; name = WidgetKit.framework; path = System/Library/Frameworks/WidgetKit.framework; sourceTree = SDKROOT; };
		059F008F2E9DAB140004C327 /* SwiftUI.framework */ = {isa = PBXFileReference; lastKnownFileType = wrapper.framework; name = SwiftUI.framework; path = System/Library/Frameworks/SwiftUI.framework; sourceTree = SDKROOT; };
		059F00A92E9DB42A0004C327 /* MacroTrackrWidgetExtension.entitlements */ = {isa = PBXFileReference; lastKnownFileType = text.plist.entitlements; path = MacroTrackrWidgetExtension.entitlements; sourceTree = "<group>"; };
/* End PBXFileReference section */

/* Begin PBXFileSystemSynchronizedBuildFileExceptionSet section */
		059F00A32E9DAB160004C327 /* Exceptions for "MacroTrackrWidget" folder in "MacroTrackrWidgetExtension" target */ = {
			isa = PBXFileSystemSynchronizedBuildFileExceptionSet;
			membershipExceptions = (
				Info.plist,
			);
			target = 059F008A2E9DAB140004C327 /* MacroTrackrWidgetExtension */;
		};
/* End PBXFileSystemSynchronizedBuildFileExceptionSet section */

/* Begin PBXFileSystemSynchronizedRootGroup section */
		059F00912E9DAB140004C327 /* MacroTrackrWidget */ = {
			isa = PBXFileSystemSynchronizedRootGroup;
			exceptions = (
				059F00A32E9DAB160004C327 /* Exceptions for "MacroTrackrWidget" folder in "MacroTrackrWidgetExtension" target */,
			);
			path = MacroTrackrWidget;
			sourceTree = "<group>";
		};
/* End PBXFileSystemSynchronizedRootGroup section */

/* Begin PBXFrameworksBuildPhase section */
		05124E4C2E94953400D04311 /* Frameworks */ = {
			isa = PBXFrameworksBuildPhase;
			buildActionMask = 2147483647;
			files = (
				05124E632E9495D900D04311 /* PostgREST in Frameworks */,
				05124E612E9495D900D04311 /* Functions in Frameworks */,
				05124E6C2E9495F500D04311 /* Kingfisher in Frameworks */,
				05124E762E949A1800D04311 /* RealmSwift in Frameworks */,
				05124E692E9495D900D04311 /* Supabase in Frameworks */,
				05124E5F2E9495D900D04311 /* Auth in Frameworks */,
				05124E672E9495D900D04311 /* Storage in Frameworks */,
				05124E652E9495D900D04311 /* Realtime in Frameworks */,
			);
			runOnlyForDeploymentPostprocessing = 0;
		};
		059F00882E9DAB140004C327 /* Frameworks */ = {
			isa = PBXFrameworksBuildPhase;
			buildActionMask = 2147483647;
			files = (
				059F00902E9DAB140004C327 /* SwiftUI.framework in Frameworks */,
				059F008E2E9DAB140004C327 /* WidgetKit.framework in Frameworks */,
			);
			runOnlyForDeploymentPostprocessing = 0;
		};
/* End PBXFrameworksBuildPhase section */

/* Begin PBXGroup section */
		05124E462E94953400D04311 = {
			isa = PBXGroup;
			children = (
				059F00A92E9DB42A0004C327 /* MacroTrackrWidgetExtension.entitlements */,
				05124E512E94953400D04311 /* MacroTrackr */,
				059F00912E9DAB140004C327 /* MacroTrackrWidget */,
				059F008C2E9DAB140004C327 /* Frameworks */,
				05124E502E94953400D04311 /* Products */,
			);
			sourceTree = "<group>";
		};
		05124E502E94953400D04311 /* Products */ = {
			isa = PBXGroup;
			children = (
				05124E4F2E94953400D04311 /* MacroTrackr.app */,
				059F008B2E9DAB140004C327 /* MacroTrackrWidgetExtension.appex */,
			);
			name = Products;
			sourceTree = "<group>";
		};
		05124E512E94953400D04311 /* MacroTrackr */ = {
			isa = PBXGroup;
			children = (
				05124E532E94953400D04311 /* MacroTrackrApp.swift */,
				05124E542E94953400D04311 /* ContentView.swift */,
				05124E572E94953400D04311 /* Models.swift */,
				05124E582E94953400D04311 /* AuthenticationView.swift */,
				05124E592E94953400D04311 /* AddMealView.swift */,
				05124E5A2E94953400D04311 /* SearchView.swift */,
				05124E5B2E94953400D04311 /* StatsView.swift */,
				05124E5C2E94953400D04311 /* ProfileView.swift */,
				05124E5D2E94953400D04311 /* DailyView.swift */,
				05124E5E2E94953400D04311 /* MealDetailView.swift */,
				05124E552E94953400D04311 /* Assets.xcassets */,
				05124E562E94953400D04311 /* Preview Content */,
				05124E522E94953400D04311 /* Info.plist */,
			);
			path = MacroTrackr;
			sourceTree = "<group>";
		};
		059F008C2E9DAB140004C327 /* Frameworks */ = {
			isa = PBXGroup;
			children = (
				059F008D2E9DAB140004C327 /* WidgetKit.framework */,
				059F008F2E9DAB140004C327 /* SwiftUI.framework */,
			);
			name = Frameworks;
			sourceTree = "<group>";
		};
/* End PBXGroup section */

/* Begin PBXNativeTarget section */
		05124E4E2E94953400D04311 /* MacroTrackr */ = {
			isa = PBXNativeTarget;
			buildConfigurationList = 05124E5A2E94953600D04311 /* Build configuration list for PBXNativeTarget "MacroTrackr" */;
			buildPhases = (
				05124E4B2E94953400D04311 /* Sources */,
				05124E4C2E94953400D04311 /* Frameworks */,
				05124E4D2E94953400D04311 /* Resources */,
				059F00A02E9DAB160004C327 /* Embed Foundation Extensions */,
			);
			buildRules = (
			);
			dependencies = (
				059F009E2E9DAB160004C327 /* PBXTargetDependency */,
			);
			name = MacroTrackr;
			packageProductDependencies = (
				05124E5E2E9495D900D04311 /* Auth */,
				05124E602E9495D900D04311 /* Functions */,
				05124E622E9495D900D04311 /* PostgREST */,
				05124E642E9495D900D04311 /* Realtime */,
				05124E662E9495D900D04311 /* Storage */,
				05124E682E9495D900D04311 /* Supabase */,
				05124E6B2E9495F500D04311 /* Kingfisher */,
				05124E752E949A1800D04311 /* RealmSwift */,
			);
			productName = MacroTrackr;
			productReference = 05124E4F2E94953400D04311 /* MacroTrackr.app */;
			productType = "com.apple.product-type.application";
		};
		059F008A2E9DAB140004C327 /* MacroTrackrWidgetExtension */ = {
			isa = PBXNativeTarget;
			buildConfigurationList = 059F00A42E9DAB160004C327 /* Build configuration list for PBXNativeTarget "MacroTrackrWidgetExtension" */;
			buildPhases = (
				059F00872E9DAB140004C327 /* Sources */,
				059F00882E9DAB140004C327 /* Frameworks */,
				059F00892E9DAB140004C327 /* Resources */,
			);
			buildRules = (
			);
			dependencies = (
			);
			fileSystemSynchronizedGroups = (
				059F00912E9DAB140004C327 /* MacroTrackrWidget */,
			);
			name = MacroTrackrWidgetExtension;
			packageProductDependencies = (
			);
			productName = MacroTrackrWidgetExtension;
			productReference = 059F008B2E9DAB140004C327 /* MacroTrackrWidgetExtension.appex */;
			productType = "com.apple.product-type.app-extension";
		};
/* End PBXNativeTarget section */

/* Begin PBXProject section */
		05124E472E94953400D04311 /* Project object */ = {
			isa = PBXProject;
			attributes = {
				BuildIndependentTargetsInParallel = 1;
				LastSwiftUpdateCheck = 2600;
				LastUpgradeCheck = 2600;
				TargetAttributes = {
					05124E4E2E94953400D04311 = {
						CreatedOnToolsVersion = 26.0.1;
					};
					059F008A2E9DAB140004C327 = {
						CreatedOnToolsVersion = 26.0.1;
					};
				};
			};
			buildConfigurationList = 05124E4A2E94953400D04311 /* Build configuration list for PBXProject "MacroTrackr" */;
			developmentRegion = en;
			hasScannedForEncodings = 0;
			knownRegions = (
				en,
				Base,
			);
			mainGroup = 05124E462E94953400D04311;
			minimizedProjectReferenceProxies = 1;
			packageReferences = (
				05124E5D2E9495D900D04311 /* XCRemoteSwiftPackageReference "supabase-swift" */,
				05124E6A2E9495F500D04311 /* XCRemoteSwiftPackageReference "Kingfisher" */,
				05124E722E949A1800D04311 /* XCRemoteSwiftPackageReference "realm-swift" */,
			);
			preferredProjectObjectVersion = 77;
			productRefGroup = 05124E502E94953400D04311 /* Products */;
			projectDirPath = "";
			projectRoot = "";
			targets = (
				05124E4E2E94953400D04311 /* MacroTrackr */,
				059F008A2E9DAB140004C327 /* MacroTrackrWidgetExtension */,
			);
		};
/* End PBXProject section */

/* Begin PBXResourcesBuildPhase section */
		05124E4D2E94953400D04311 /* Resources */ = {
			isa = PBXResourcesBuildPhase;
			buildActionMask = 2147483647;
			files = (
				05124E792E94953400D04311 /* Assets.xcassets in Resources */,
			);
			runOnlyForDeploymentPostprocessing = 0;
		};
		059F00892E9DAB140004C327 /* Resources */ = {
			isa = PBXResourcesBuildPhase;
			buildActionMask = 2147483647;
			files = (
			);
			runOnlyForDeploymentPostprocessing = 0;
		};
/* End PBXResourcesBuildPhase section */

/* Begin PBXSourcesBuildPhase section */
		05124E4B2E94953400D04311 /* Sources */ = {
			isa = PBXSourcesBuildPhase;
			buildActionMask = 2147483647;
			files = (
				05124E772E94953400D04311 /* MacroTrackrApp.swift in Sources */,
				05124E782E94953400D04311 /* ContentView.swift in Sources */,
				05124E7A2E94953400D04311 /* Models.swift in Sources */,
				05124E7B2E94953400D04311 /* AuthenticationView.swift in Sources */,
				05124E7C2E94953400D04311 /* AddMealView.swift in Sources */,
				05124E7D2E94953400D04311 /* SearchView.swift in Sources */,
				05124E7E2E94953400D04311 /* StatsView.swift in Sources */,
				05124E7F2E94953400D04311 /* ProfileView.swift in Sources */,
				05124E802E94953400D04311 /* DailyView.swift in Sources */,
				05124E812E94953400D04311 /* MealDetailView.swift in Sources */,
			);
			runOnlyForDeploymentPostprocessing = 0;
		};
		059F00872E9DAB140004C327 /* Sources */ = {
			isa = PBXSourcesBuildPhase;
			buildActionMask = 2147483647;
			files = (
				059F00AA2E9DB5A00004C327 /* Models.swift in Sources */,
			);
			runOnlyForDeploymentPostprocessing = 0;
		};
/* End PBXSourcesBuildPhase section */

/* Begin PBXTargetDependency section */
		059F009E2E9DAB160004C327 /* PBXTargetDependency */ = {
			isa = PBXTargetDependency;
			target = 059F008A2E9DAB140004C327 /* MacroTrackrWidgetExtension */;
			targetProxy = 059F009D2E9DAB160004C327 /* PBXContainerItemProxy */;
		};
/* End PBXTargetDependency section */

/* Begin XCBuildConfiguration section */
		05124E582E94953600D04311 /* Debug */ = {
			isa = XCBuildConfiguration;
			buildSettings = {
				ALWAYS_SEARCH_USER_PATHS = NO;
				ASSETCATALOG_COMPILER_GENERATE_SWIFT_ASSET_SYMBOL_EXTENSIONS = YES;
				CLANG_ANALYZER_NONNULL = YES;
				CLANG_ANALYZER_NUMBER_OBJECT_CONVERSION = YES_AGGRESSIVE;
				CLANG_CXX_LANGUAGE_STANDARD = "gnu++20";
				CLANG_ENABLE_MODULES = YES;
				CLANG_ENABLE_OBJC_ARC = YES;
				CLANG_ENABLE_OBJC_WEAK = YES;
				CLANG_WARN_BLOCK_CAPTURE_AUTORELEASING = YES;
				CLANG_WARN_BOOL_CONVERSION = YES;
				CLANG_WARN_COMMA = YES;
				CLANG_WARN_CONSTANT_CONVERSION = YES;
				CLANG_WARN_DEPRECATED_OBJC_IMPLEMENTATIONS = YES;
				CLANG_WARN_DIRECT_OBJC_ISA_USAGE = YES_ERROR;
				CLANG_WARN_DOCUMENTATION_COMMENTS = YES;
				CLANG_WARN_EMPTY_BODY = YES;
				CLANG_WARN_ENUM_CONVERSION = YES;
				CLANG_WARN_INFINITE_RECURSION = YES;
				CLANG_WARN_INT_CONVERSION = YES;
				CLANG_WARN_NON_LITERAL_NULL_CONVERSION = YES;
				CLANG_WARN_OBJC_IMPLICIT_RETAIN_SELF = YES;
				CLANG_WARN_OBJC_LITERAL_CONVERSION = YES;
				CLANG_WARN_OBJC_ROOT_CLASS = YES_ERROR;
				CLANG_WARN_QUOTED_INCLUDE_IN_FRAMEWORK_HEADER = YES;
				CLANG_WARN_RANGE_LOOP_ANALYSIS = YES;
				CLANG_WARN_STRICT_PROTOTYPES = YES;
				CLANG_WARN_SUSPICIOUS_MOVE = YES;
				CLANG_WARN_UNGUARDED_AVAILABILITY = YES_AGGRESSIVE;
				CLANG_WARN_UNREACHABLE_CODE = YES;
				CLANG_WARN__DUPLICATE_METHOD_MATCH = YES;
				COPY_PHASE_STRIP = NO;
				DEBUG_INFORMATION_FORMAT = dwarf;
				DEVELOPMENT_TEAM = 7H5489C69N;
				ENABLE_STRICT_OBJC_MSGSEND = YES;
				ENABLE_TESTABILITY = YES;
				ENABLE_USER_SCRIPT_SANDBOXING = YES;
				GCC_C_LANGUAGE_STANDARD = gnu17;
				GCC_DYNAMIC_NO_PIC = NO;
				GCC_NO_COMMON_BLOCKS = YES;
				GCC_OPTIMIZATION_LEVEL = 0;
				GCC_PREPROCESSOR_DEFINITIONS = (
					"DEBUG=1",
					"$(inherited)",
				);
				GCC_WARN_64_TO_32_BIT_CONVERSION = YES;
				GCC_WARN_ABOUT_RETURN_TYPE = YES_ERROR;
				GCC_WARN_UNDECLARED_SELECTOR = YES;
				GCC_WARN_UNINITIALIZED_AUTOS = YES_AGGRESSIVE;
				GCC_WARN_UNUSED_FUNCTION = YES;
				GCC_WARN_UNUSED_VARIABLE = YES;
				LOCALIZATION_PREFERS_STRING_CATALOGS = YES;
				MTL_ENABLE_DEBUG_INFO = INCLUDE_SOURCE;
				MTL_FAST_MATH = YES;
				ONLY_ACTIVE_ARCH = YES;
				SWIFT_ACTIVE_COMPILATION_CONDITIONS = "DEBUG $(inherited)";
				SWIFT_OPTIMIZATION_LEVEL = "-Onone";
			};
			name = Debug;
		};
		05124E592E94953600D04311 /* Release */ = {
			isa = XCBuildConfiguration;
			buildSettings = {
				ALWAYS_SEARCH_USER_PATHS = NO;
				ASSETCATALOG_COMPILER_GENERATE_SWIFT_ASSET_SYMBOL_EXTENSIONS = YES;
				CLANG_ANALYZER_NONNULL = YES;
				CLANG_ANALYZER_NUMBER_OBJECT_CONVERSION = YES_AGGRESSIVE;
				CLANG_CXX_LANGUAGE_STANDARD = "gnu++20";
				CLANG_ENABLE_MODULES = YES;
				CLANG_ENABLE_OBJC_ARC = YES;
				CLANG_ENABLE_OBJC_WEAK = YES;
				CLANG_WARN_BLOCK_CAPTURE_AUTORELEASING = YES;
				CLANG_WARN_BOOL_CONVERSION = YES;
				CLANG_WARN_COMMA = YES;
				CLANG_WARN_CONSTANT_CONVERSION = YES;
				CLANG_WARN_DEPRECATED_OBJC_IMPLEMENTATIONS = YES;
				CLANG_WARN_DIRECT_OBJC_ISA_USAGE = YES_ERROR;
				CLANG_WARN_DOCUMENTATION_COMMENTS = YES;
				CLANG_WARN_EMPTY_BODY = YES;
				CLANG_WARN_ENUM_CONVERSION = YES;
				CLANG_WARN_INFINITE_RECURSION = YES;
				CLANG_WARN_INT_CONVERSION = YES;
				CLANG_WARN_NON_LITERAL_NULL_CONVERSION = YES;
				CLANG_WARN_OBJC_IMPLICIT_RETAIN_SELF = YES;
				CLANG_WARN_OBJC_LITERAL_CONVERSION = YES;
				CLANG_WARN_OBJC_ROOT_CLASS = YES_ERROR;
				CLANG_WARN_QUOTED_INCLUDE_IN_FRAMEWORK_HEADER = YES;
				CLANG_WARN_RANGE_LOOP_ANALYSIS = YES;
				CLANG_WARN_STRICT_PROTOTYPES = YES;
				CLANG_WARN_SUSPICIOUS_MOVE = YES;
				CLANG_WARN_UNGUARDED_AVAILABILITY = YES_AGGRESSIVE;
				CLANG_WARN_UNREACHABLE_CODE = YES;
				CLANG_WARN__DUPLICATE_METHOD_MATCH = YES;
				COPY_PHASE_STRIP = NO;
				DEBUG_INFORMATION_FORMAT = "dwarf-with-dsym";
				DEVELOPMENT_TEAM = 7H5489C69N;
				ENABLE_NS_ASSERTIONS = NO;
				ENABLE_STRICT_OBJC_MSGSEND = YES;
				ENABLE_USER_SCRIPT_SANDBOXING = YES;
				GCC_C_LANGUAGE_STANDARD = gnu17;
				GCC_NO_COMMON_BLOCKS = YES;
				GCC_WARN_64_TO_32_BIT_CONVERSION = YES;
				GCC_WARN_ABOUT_RETURN_TYPE = YES_ERROR;
				GCC_WARN_UNDECLARED_SELECTOR = YES;
				GCC_WARN_UNINITIALIZED_AUTOS = YES_AGGRESSIVE;
				GCC_WARN_UNUSED_FUNCTION = YES;
				GCC_WARN_UNUSED_VARIABLE = YES;
				LOCALIZATION_PREFERS_STRING_CATALOGS = YES;
				MTL_ENABLE_DEBUG_INFO = NO;
				MTL_FAST_MATH = YES;
				SWIFT_COMPILATION_MODE = wholemodule;
			};
			name = Release;
		};
		05124E5B2E94953600D04311 /* Debug */ = {
			isa = XCBuildConfiguration;
			buildSettings = {
				ASSETCATALOG_COMPILER_APPICON_NAME = AppIcon;
				ASSETCATALOG_COMPILER_GLOBAL_ACCENT_COLOR_NAME = AccentColor;
				ASSETCATALOG_COMPILER_INCLUDE_ALL_APPICON_ASSETS = NO;
				CODE_SIGN_ENTITLEMENTS = MacroTrackr/MacroTrackr.entitlements;
				CODE_SIGN_STYLE = Automatic;
				CURRENT_PROJECT_VERSION = 1;
				DEVELOPMENT_TEAM = 7H5489C69N;
				ENABLE_APP_SANDBOX = YES;
				ENABLE_HARDENED_RUNTIME = YES;
				ENABLE_PREVIEWS = YES;
				ENABLE_USER_SELECTED_FILES = readonly;
				GENERATE_INFOPLIST_FILE = NO;
				INFOPLIST_FILE = "$(SRCROOT)/MacroTrackr/Info.plist";
				INFOPLIST_KEY_NSCameraUsageDescription = "";
				INFOPLIST_KEY_NSPhotoLibraryUsageDescription = "";
				"INFOPLIST_KEY_UIApplicationSceneManifest_Generation[sdk=iphoneos*]" = YES;
				"INFOPLIST_KEY_UIApplicationSceneManifest_Generation[sdk=iphonesimulator*]" = YES;
				"INFOPLIST_KEY_UIApplicationSupportsIndirectInputEvents[sdk=iphoneos*]" = YES;
				"INFOPLIST_KEY_UIApplicationSupportsIndirectInputEvents[sdk=iphonesimulator*]" = YES;
				"INFOPLIST_KEY_UILaunchScreen_Generation[sdk=iphoneos*]" = YES;
				"INFOPLIST_KEY_UILaunchScreen_Generation[sdk=iphonesimulator*]" = YES;
				"INFOPLIST_KEY_UIStatusBarStyle[sdk=iphoneos*]" = UIStatusBarStyleDefault;
				"INFOPLIST_KEY_UIStatusBarStyle[sdk=iphonesimulator*]" = UIStatusBarStyleDefault;
				INFOPLIST_KEY_UISupportedInterfaceOrientations_iPad = "UIInterfaceOrientationPortrait UIInterfaceOrientationPortraitUpsideDown UIInterfaceOrientationLandscapeLeft UIInterfaceOrientationLandscapeRight";
				INFOPLIST_KEY_UISupportedInterfaceOrientations_iPhone = "UIInterfaceOrientationPortrait UIInterfaceOrientationLandscapeLeft UIInterfaceOrientationLandscapeRight";
				IPHONEOS_DEPLOYMENT_TARGET = 17.0;
				ALWAYS_EMBED_SWIFT_STANDARD_LIBRARIES = YES;
				EMBEDDED_CONTENT_CONTAINS_SWIFT = YES;
				LD_RUNPATH_SEARCH_PATHS = "@executable_path/Frameworks";
				"LD_RUNPATH_SEARCH_PATHS[sdk=macosx*]" = "@executable_path/../Frameworks";
				MACOSX_DEPLOYMENT_TARGET = 15.6;
				MARKETING_VERSION = 1.0;
				PRODUCT_BUNDLE_IDENTIFIER = NA.MacroTrackr;
				PRODUCT_NAME = "$(TARGET_NAME)";
				REGISTER_APP_GROUPS = YES;
				SDKROOT = auto;
				STRING_CATALOG_GENERATE_SYMBOLS = YES;
				SUPPORTED_PLATFORMS = "iphoneos iphonesimulator";
				SUPPORTS_MACCATALYST = NO;
				SWIFT_APPROACHABLE_CONCURRENCY = YES;
				SWIFT_DEFAULT_ACTOR_ISOLATION = MainActor;
				SWIFT_EMIT_LOC_STRINGS = YES;
				SWIFT_UPCOMING_FEATURE_MEMBER_IMPORT_VISIBILITY = YES;
				SWIFT_VERSION = 5.0;
				TARGETED_DEVICE_FAMILY = "1,2";
				XROS_DEPLOYMENT_TARGET = 26.0;
			};
			name = Debug;
		};
		05124E5C2E94953600D04311 /* Release */ = {
			isa = XCBuildConfiguration;
			buildSettings = {
				ASSETCATALOG_COMPILER_APPICON_NAME = AppIcon;
				ASSETCATALOG_COMPILER_GLOBAL_ACCENT_COLOR_NAME = AccentColor;
				ASSETCATALOG_COMPILER_INCLUDE_ALL_APPICON_ASSETS = NO;
				CODE_SIGN_ENTITLEMENTS = MacroTrackr/MacroTrackr.entitlements;
				CODE_SIGN_STYLE = Automatic;
				CURRENT_PROJECT_VERSION = 1;
				DEVELOPMENT_TEAM = 7H5489C69N;
				ENABLE_APP_SANDBOX = YES;
				ENABLE_HARDENED_RUNTIME = YES;
				ENABLE_PREVIEWS = YES;
				ENABLE_USER_SELECTED_FILES = readonly;
				GENERATE_INFOPLIST_FILE = NO;
				INFOPLIST_FILE = "$(SRCROOT)/MacroTrackr/Info.plist";
				"INFOPLIST_FILE[sdk=*]" = "$(SRCROOT)/MacroTrackr/Info.plist";
				INFOPLIST_KEY_NSCameraUsageDescription = "";
				INFOPLIST_KEY_NSPhotoLibraryUsageDescription = "";
				"INFOPLIST_KEY_UIApplicationSceneManifest_Generation[sdk=iphoneos*]" = YES;
				"INFOPLIST_KEY_UIApplicationSceneManifest_Generation[sdk=iphonesimulator*]" = YES;
				"INFOPLIST_KEY_UIApplicationSupportsIndirectInputEvents[sdk=iphoneos*]" = YES;
				"INFOPLIST_KEY_UIApplicationSupportsIndirectInputEvents[sdk=iphonesimulator*]" = YES;
				"INFOPLIST_KEY_UILaunchScreen_Generation[sdk=iphoneos*]" = YES;
				"INFOPLIST_KEY_UILaunchScreen_Generation[sdk=iphonesimulator*]" = YES;
				"INFOPLIST_KEY_UIStatusBarStyle[sdk=iphoneos*]" = UIStatusBarStyleDefault;
				"INFOPLIST_KEY_UIStatusBarStyle[sdk=iphonesimulator*]" = UIStatusBarStyleDefault;
				INFOPLIST_KEY_UISupportedInterfaceOrientations_iPad = "UIInterfaceOrientationPortrait UIInterfaceOrientationPortraitUpsideDown UIInterfaceOrientationLandscapeLeft UIInterfaceOrientationLandscapeRight";
				INFOPLIST_KEY_UISupportedInterfaceOrientations_iPhone = "UIInterfaceOrientationPortrait UIInterfaceOrientationLandscapeLeft UIInterfaceOrientationLandscapeRight";
				IPHONEOS_DEPLOYMENT_TARGET = 17.0;
				ALWAYS_EMBED_SWIFT_STANDARD_LIBRARIES = YES;
				EMBEDDED_CONTENT_CONTAINS_SWIFT = YES;
				LD_RUNPATH_SEARCH_PATHS = "@executable_path/Frameworks";
				"LD_RUNPATH_SEARCH_PATHS[sdk=macosx*]" = "@executable_path/../Frameworks";
				MACOSX_DEPLOYMENT_TARGET = 15.6;
				MARKETING_VERSION = 1.0;
				PRODUCT_BUNDLE_IDENTIFIER = NA.MacroTrackr;
				PRODUCT_NAME = "$(TARGET_NAME)";
				REGISTER_APP_GROUPS = YES;
				SDKROOT = auto;
				STRING_CATALOG_GENERATE_SYMBOLS = YES;
				SUPPORTED_PLATFORMS = "iphoneos iphonesimulator";
				SUPPORTS_MACCATALYST = NO;
				SWIFT_APPROACHABLE_CONCURRENCY = YES;
				SWIFT_DEFAULT_ACTOR_ISOLATION = MainActor;
				SWIFT_EMIT_LOC_STRINGS = YES;
				SWIFT_UPCOMING_FEATURE_MEMBER_IMPORT_VISIBILITY = YES;
				SWIFT_VERSION = 5.0;
				TARGETED_DEVICE_FAMILY = "1,2";
				XROS_DEPLOYMENT_TARGET = 26.0;
			};
			name = Release;
		};
		059F00A12E9DAB160004C327 /* Debug */ = {
			isa = XCBuildConfiguration;
			buildSettings = {
				ASSETCATALOG_COMPILER_GLOBAL_ACCENT_COLOR_NAME = AccentColor;
				ASSETCATALOG_COMPILER_WIDGET_BACKGROUND_COLOR_NAME = WidgetBackground;
				CODE_SIGN_ENTITLEMENTS = MacroTrackrWidgetExtension.entitlements;
				CODE_SIGN_STYLE = Automatic;
				CURRENT_PROJECT_VERSION = 1;
				DEVELOPMENT_TEAM = 7H5489C69N;
				GENERATE_INFOPLIST_FILE = YES;
				INFOPLIST_FILE = MacroTrackrWidget/Info.plist;
				INFOPLIST_KEY_CFBundleDisplayName = MacroTrackrWidget;
				ALWAYS_EMBED_SWIFT_STANDARD_LIBRARIES = YES;
				EMBEDDED_CONTENT_CONTAINS_SWIFT = YES;
				INFOPLIST_KEY_NSHumanReadableCopyright = "";
				IPHONEOS_DEPLOYMENT_TARGET = 17.0;
				LD_RUNPATH_SEARCH_PATHS = (
					"$(inherited)",
					"@executable_path/Frameworks",
					"@executable_path/../../Frameworks",
				);
				MARKETING_VERSION = 1.0;
				PRODUCT_BUNDLE_IDENTIFIER = NA.MacroTrackr.MacroTrackrWidget;
				PRODUCT_NAME = "$(TARGET_NAME)";
				SDKROOT = iphoneos;
				SKIP_INSTALL = YES;
				STRING_CATALOG_GENERATE_SYMBOLS = YES;
				SUPPORTED_PLATFORMS = "iphoneos iphonesimulator";
				SUPPORTS_MACCATALYST = NO;
				SUPPORTS_MAC_DESIGNED_FOR_IPHONE_IPAD = NO;
				SUPPORTS_XR_DESIGNED_FOR_IPHONE_IPAD = NO;
				SWIFT_APPROACHABLE_CONCURRENCY = YES;
				SWIFT_EMIT_LOC_STRINGS = YES;
				SWIFT_UPCOMING_FEATURE_MEMBER_IMPORT_VISIBILITY = YES;
				SWIFT_VERSION = 5.0;
				TARGETED_DEVICE_FAMILY = "1,2";
			};
			name = Debug;
		};
		059F00A22E9DAB160004C327 /* Release */ = {
			isa = XCBuildConfiguration;
			buildSettings = {
				ASSETCATALOG_COMPILER_GLOBAL_ACCENT_COLOR_NAME = AccentColor;
				ASSETCATALOG_COMPILER_WIDGET_BACKGROUND_COLOR_NAME = WidgetBackground;
				CODE_SIGN_ENTITLEMENTS = MacroTrackrWidgetExtension.entitlements;
				CODE_SIGN_STYLE = Automatic;
				CURRENT_PROJECT_VERSION = 1;
				DEVELOPMENT_TEAM = 7H5489C69N;
				GENERATE_INFOPLIST_FILE = YES;
				INFOPLIST_FILE = MacroTrackrWidget/Info.plist;
				INFOPLIST_KEY_CFBundleDisplayName = MacroTrackrWidget;
				ALWAYS_EMBED_SWIFT_STANDARD_LIBRARIES = YES;
				EMBEDDED_CONTENT_CONTAINS_SWIFT = YES;
				INFOPLIST_KEY_NSHumanReadableCopyright = "";
				IPHONEOS_DEPLOYMENT_TARGET = 17.0;
				LD_RUNPATH_SEARCH_PATHS = (
					"$(inherited)",
					"@executable_path/Frameworks",
					"@executable_path/../../Frameworks",
				);
				MARKETING_VERSION = 1.0;
				PRODUCT_BUNDLE_IDENTIFIER = NA.MacroTrackr.MacroTrackrWidget;
				PRODUCT_NAME = "$(TARGET_NAME)";
				SDKROOT = iphoneos;
				SKIP_INSTALL = YES;
				STRING_CATALOG_GENERATE_SYMBOLS = YES;
				SUPPORTED_PLATFORMS = "iphoneos iphonesimulator";
				SUPPORTS_MACCATALYST = NO;
				SUPPORTS_MAC_DESIGNED_FOR_IPHONE_IPAD = NO;
				SUPPORTS_XR_DESIGNED_FOR_IPHONE_IPAD = NO;
				SWIFT_APPROACHABLE_CONCURRENCY = YES;
				SWIFT_EMIT_LOC_STRINGS = YES;
				SWIFT_UPCOMING_FEATURE_MEMBER_IMPORT_VISIBILITY = YES;
				SWIFT_VERSION = 5.0;
				TARGETED_DEVICE_FAMILY = "1,2";
				VALIDATE_PRODUCT = YES;
			};
			name = Release;
		};
/* End XCBuildConfiguration section */

/* Begin XCConfigurationList section */
		05124E4A2E94953400D04311 /* Build configuration list for PBXProject "MacroTrackr" */ = {
			isa = XCConfigurationList;
			buildConfigurations = (
				05124E582E94953600D04311 /* Debug */,
				05124E592E94953600D04311 /* Release */,
			);
			defaultConfigurationIsVisible = 0;
			defaultConfigurationName = Release;
		};
		05124E5A2E94953600D04311 /* Build configuration list for PBXNativeTarget "MacroTrackr" */ = {
			isa = XCConfigurationList;
			buildConfigurations = (
				05124E5B2E94953600D04311 /* Debug */,
				05124E5C2E94953600D04311 /* Release */,
			);
			defaultConfigurationIsVisible = 0;
			defaultConfigurationName = Release;
		};
		059F00A42E9DAB160004C327 /* Build configuration list for PBXNativeTarget "MacroTrackrWidgetExtension" */ = {
			isa = XCConfigurationList;
			buildConfigurations = (
				059F00A12E9DAB160004C327 /* Debug */,
				059F00A22E9DAB160004C327 /* Release */,
			);
			defaultConfigurationIsVisible = 0;
			defaultConfigurationName = Release;
		};
/* End XCConfigurationList section */

/* Begin XCRemoteSwiftPackageReference section */
		05124E5D2E9495D900D04311 /* XCRemoteSwiftPackageReference "supabase-swift" */ = {
			isa = XCRemoteSwiftPackageReference;
			repositoryURL = "https://github.com/supabase/supabase-swift";
			requirement = {
				kind = upToNextMajorVersion;
				minimumVersion = 2.5.1;
			};
		};
		05124E6A2E9495F500D04311 /* XCRemoteSwiftPackageReference "Kingfisher" */ = {
			isa = XCRemoteSwiftPackageReference;
			repositoryURL = "https://github.com/onevcat/Kingfisher";
			requirement = {
				kind = upToNextMajorVersion;
				minimumVersion = 8.6.0;
			};
		};
		05124E722E949A1800D04311 /* XCRemoteSwiftPackageReference "realm-swift" */ = {
			isa = XCRemoteSwiftPackageReference;
			repositoryURL = "https://github.com/realm/realm-swift";
			requirement = {
				kind = upToNextMajorVersion;
				minimumVersion = 10.50.0;
			};
		};
/* End XCRemoteSwiftPackageReference section */

/* Begin XCSwiftPackageProductDependency section */
		05124E5E2E9495D900D04311 /* Auth */ = {
			isa = XCSwiftPackageProductDependency;
			package = 05124E5D2E9495D900D04311 /* XCRemoteSwiftPackageReference "supabase-swift" */;
			productName = Auth;
		};
		05124E602E9495D900D04311 /* Functions */ = {
			isa = XCSwiftPackageProductDependency;
			package = 05124E5D2E9495D900D04311 /* XCRemoteSwiftPackageReference "supabase-swift" */;
			productName = Functions;
		};
		05124E622E9495D900D04311 /* PostgREST */ = {
			isa = XCSwiftPackageProductDependency;
			package = 05124E5D2E9495D900D04311 /* XCRemoteSwiftPackageReference "supabase-swift" */;
			productName = PostgREST;
		};
		05124E642E9495D900D04311 /* Realtime */ = {
			isa = XCSwiftPackageProductDependency;
			package = 05124E5D2E9495D900D04311 /* XCRemoteSwiftPackageReference "supabase-swift" */;
			productName = Realtime;
		};
		05124E662E9495D900D04311 /* Storage */ = {
			isa = XCSwiftPackageProductDependency;
			package = 05124E5D2E9495D900D04311 /* XCRemoteSwiftPackageReference "supabase-swift" */;
			productName = Storage;
		};
		05124E682E9495D900D04311 /* Supabase */ = {
			isa = XCSwiftPackageProductDependency;
			package = 05124E5D2E9495D900D04311 /* XCRemoteSwiftPackageReference "supabase-swift" */;
			productName = Supabase;
		};
		05124E6B2E9495F500D04311 /* Kingfisher */ = {
			isa = XCSwiftPackageProductDependency;
			package = 05124E6A2E9495F500D04311 /* XCRemoteSwiftPackageReference "Kingfisher" */;
			productName = Kingfisher;
		};
		05124E752E949A1800D04311 /* RealmSwift */ = {
			isa = XCSwiftPackageProductDependency;
			package = 05124E722E949A1800D04311 /* XCRemoteSwiftPackageReference "realm-swift" */;
			productName = RealmSwift;
		};
/* End XCSwiftPackageProductDependency section */
	};
	rootObject = 05124E472E94953400D04311 /* Project object */;
}
